{
  "version": 4,
  "terraform_version": "1.5.7",
  "serial": 83,
  "lineage": "d20a9cd8-b64c-0709-ff0c-8644837ca470",
  "outputs": {
    "public_ip_address": {
      "value": "learn-azure-vm: 4.221.137.160",
      "type": "string"
    }
  },
  "resources": [
    {
      "mode": "data",
      "type": "azurerm_public_ip",
      "name": "learnazure-ip-data",
      "provider": "provider[\"registry.terraform.io/hashicorp/azurerm\"]",
      "instances": [
        {
          "schema_version": 0,
          "attributes": {
            "allocation_method": "Dynamic",
            "ddos_protection_mode": "VirtualNetworkInherited",
            "ddos_protection_plan_id": null,
            "domain_name_label": "",
            "fqdn": "",
            "id": "/subscriptions/f5b30e46-7d58-4a5a-8532-f7fedeb3af7e/resourceGroups/learn-azure/providers/Microsoft.Network/publicIPAddresses/learn-public-ip",
            "idle_timeout_in_minutes": 4,
            "ip_address": "4.221.137.160",
            "ip_tags": {},
            "ip_version": "IPv4",
            "location": "southafricanorth",
            "name": "learn-public-ip",
            "resource_group_name": "learn-azure",
            "reverse_fqdn": "",
            "sku": "Basic",
            "tags": {
              "environment": "dev"
            },
            "timeouts": null,
            "zones": []
          },
          "sensitive_attributes": []
        }
      ]
    },
    {
      "mode": "managed",
      "type": "azurerm_linux_virtual_machine",
      "name": "learn-azure-vm",
      "provider": "provider[\"registry.terraform.io/hashicorp/azurerm\"]",
      "instances": [
        {
          "status": "tainted",
          "schema_version": 0,
          "attributes": {
            "additional_capabilities": [],
            "admin_password": null,
            "admin_ssh_key": [
              {
                "public_key": "ssh-rsa AAAAB3NzaC1yc2EAAAADAQABAAABgQDF8+tXs/Y1L5OxyiYU0Hod8SOEpHzd7x0EVqtiR13G1p45UM+UAkU/ECEDekKR/rnBrZ/QMFFCzKsHCc6qN01o3B0/qW+km24WXoYIkNtEWZlmrRsJ0dSqHbzL3aj34U+9XS/nBDNc1Q9h0NDAO2KfZT/Ti6hMUG4MBC/cgcVMscxDZKjz8b4hIfCrR5ZCCGYxwoMEQulOhxgl60bDqu3i5Ny0V0Z9DeBCCAFvF0e9Ew+Zd6oTRzoU8ERgB9hfLOVaAmkPCO9uKTAJNFfwhnA6MJiexEtXTB+3IHzzu5DXcwY+kFqT246N3rHm/AvRPz+5szBeJyxYBfCoRZxORVqWa+/ZRjYqa5RC1+r3ww6IHS6jRbQKdiD8Z6RYr5r1FnAnhWMEqxHlSZHkZgBwToGryO/KId3srHngpGd137pfpQRe39Yp9yLKCed5twVG92xqkAVijYLeDctHQBTK+IxiAIgkuztnNm3XSFV3/rL/7IOWa0LkhTfWzh1pKHf20w0= tatendamagondo@Tatendas-MacBook-Pro.local\n",
                "username": "adminuser"
              }
            ],
            "admin_username": "adminuser",
            "allow_extension_operations": true,
            "availability_set_id": "",
            "boot_diagnostics": [],
            "bypass_platform_safety_checks_on_user_schedule_enabled": false,
            "capacity_reservation_group_id": "",
            "computer_name": "learn-azure-vm",
            "custom_data": "IyEvYmluL2Jhc2gKc3VkbyBhcHQtZ2V0IHVwZGF0ZSAteSAmJgpzdWRvIGFwdC1nZXQgaW5zdGFsbCAteSBcCmFwdC10cmFuc3BvcnQtaHR0cHMgXApjYS1jZXJ0aWZpY2F0ZXMgXApjdXJsIFwKZ251cGctYWdlbnQgXApzb2Z0d2FyZS1wcm9wZXJ0aWVzLWNvbW1vbiAmJgpjdXJsIC1mc1NMIGh0dHBzOi8vZG93bmxvYWQuZG9ja2VyLmNvbS9saW51eC91YnVudHUvZ3BnIHwgc3VkbyBhcHQta2V5IGFkZCAtICYmCnN1ZG8gYWRkLWFwdC1yZXBvc2l0b3J5ICJkZWIgW2FyY2g9YW1kNjRdIGh0dHBzOi8vZG93bmxvYWQuZG9ja2VyLmNvbS9saW51eC91YnVudHUgJChsc2JfcmVsZWFzZSAtY3MpIHN0YWJsZSIgJiYKc3VkbyBhcHQtZ2V0IHVwZGF0ZSAteSAmJgpzdWRvIHN1ZG8gYXB0LWdldCBpbnN0YWxsIGRvY2tlci1jZSBkb2NrZXItY2UtY2xpIGNvbnRhaW5lcmQuaW8gLXkgJiYKc3VkbyB1c2VybW9kIC1hRyBkb2NrZXIgdWJ1bnR1Cgo=",
            "dedicated_host_group_id": "",
            "dedicated_host_id": "",
            "disable_password_authentication": true,
            "disk_controller_type": "",
            "edge_zone": "",
            "encryption_at_host_enabled": false,
            "eviction_policy": "",
            "extensions_time_budget": "PT1H30M",
            "gallery_application": [],
            "id": "/subscriptions/f5b30e46-7d58-4a5a-8532-f7fedeb3af7e/resourceGroups/learn-azure/providers/Microsoft.Compute/virtualMachines/learn-azure-vm",
            "identity": [],
            "license_type": "",
            "location": "southafricanorth",
            "max_bid_price": -1,
            "name": "learn-azure-vm",
            "network_interface_ids": [
              "/subscriptions/f5b30e46-7d58-4a5a-8532-f7fedeb3af7e/resourceGroups/learn-azure/providers/Microsoft.Network/networkInterfaces/learn-azure-nic"
            ],
            "os_disk": [
              {
                "caching": "ReadWrite",
                "diff_disk_settings": [],
                "disk_encryption_set_id": "",
                "disk_size_gb": 30,
                "name": "learn-azure-vm_OsDisk_1_39181a5aa1294f229a7c53d60f8d27df",
                "secure_vm_disk_encryption_set_id": "",
                "security_encryption_type": "",
                "storage_account_type": "Standard_LRS",
                "write_accelerator_enabled": false
              }
            ],
            "os_image_notification": [],
            "patch_assessment_mode": "ImageDefault",
            "patch_mode": "ImageDefault",
            "plan": [],
            "platform_fault_domain": -1,
            "priority": "Regular",
            "private_ip_address": "10.123.1.4",
            "private_ip_addresses": [
              "10.123.1.4"
            ],
            "provision_vm_agent": true,
            "proximity_placement_group_id": "",
            "public_ip_address": "4.221.143.233",
            "public_ip_addresses": [
              "4.221.143.233"
            ],
            "reboot_setting": "",
            "resource_group_name": "learn-azure",
            "secret": [],
            "secure_boot_enabled": false,
            "size": "Standard_B1s",
            "source_image_id": "",
            "source_image_reference": [
              {
                "offer": "UbuntuServer",
                "publisher": "Canonical",
                "sku": "18.04-LTS",
                "version": "latest"
              }
            ],
            "tags": {
              "environment": "dev"
            },
            "termination_notification": null,
            "timeouts": null,
            "user_data": "",
            "virtual_machine_id": "f77ec26b-e6f3-4c6d-b504-605594effbc4",
            "virtual_machine_scale_set_id": "",
            "vm_agent_platform_updates_enabled": false,
            "vtpm_enabled": false,
            "zone": ""
          },
          "sensitive_attributes": [],
          "private": "eyJlMmJmYjczMC1lY2FhLTExZTYtOGY4OC0zNDM2M2JjN2M0YzAiOnsiY3JlYXRlIjoyNzAwMDAwMDAwMDAwLCJkZWxldGUiOjI3MDAwMDAwMDAwMDAsInJlYWQiOjMwMDAwMDAwMDAwMCwidXBkYXRlIjoyNzAwMDAwMDAwMDAwfX0=",
          "dependencies": [
            "azurerm_network_interface.learn-azure-nic",
            "azurerm_resource_group.learn-azure"
          ]
        }
      ]
    },
    {
      "mode": "managed",
      "type": "azurerm_network_interface",
      "name": "learn-azure-nic",
      "provider": "provider[\"registry.terraform.io/hashicorp/azurerm\"]",
      "instances": [
        {
          "schema_version": 0,
          "attributes": {
            "accelerated_networking_enabled": false,
            "applied_dns_servers": [],
            "auxiliary_mode": "",
            "auxiliary_sku": "",
            "dns_servers": [],
            "edge_zone": "",
            "enable_accelerated_networking": false,
            "enable_ip_forwarding": false,
            "id": "/subscriptions/f5b30e46-7d58-4a5a-8532-f7fedeb3af7e/resourceGroups/learn-azure/providers/Microsoft.Network/networkInterfaces/learn-azure-nic",
            "internal_dns_name_label": "",
            "internal_domain_name_suffix": "nv1d0myg4jce1o0dznu4idasdd.jnbx.internal.cloudapp.net",
            "ip_configuration": [
              {
                "gateway_load_balancer_frontend_ip_configuration_id": "",
                "name": "internal",
                "primary": true,
                "private_ip_address": "10.123.1.4",
                "private_ip_address_allocation": "Dynamic",
                "private_ip_address_version": "IPv4",
                "public_ip_address_id": "/subscriptions/f5b30e46-7d58-4a5a-8532-f7fedeb3af7e/resourceGroups/learn-azure/providers/Microsoft.Network/publicIPAddresses/learn-public-ip",
                "subnet_id": "/subscriptions/f5b30e46-7d58-4a5a-8532-f7fedeb3af7e/resourceGroups/learn-azure/providers/Microsoft.Network/virtualNetworks/learn-vnet/subnets/learn-subnet"
              }
            ],
            "ip_forwarding_enabled": false,
            "location": "southafricanorth",
            "mac_address": "00-22-48-F8-B8-2E",
            "name": "learn-azure-nic",
            "private_ip_address": "10.123.1.4",
            "private_ip_addresses": [
              "10.123.1.4"
            ],
            "resource_group_name": "learn-azure",
            "tags": {
              "environment": "dev"
            },
            "timeouts": null,
            "virtual_machine_id": "/subscriptions/f5b30e46-7d58-4a5a-8532-f7fedeb3af7e/resourceGroups/learn-azure/providers/Microsoft.Compute/virtualMachines/learn-azure-vm"
          },
          "sensitive_attributes": [],
          "private": "eyJlMmJmYjczMC1lY2FhLTExZTYtOGY4OC0zNDM2M2JjN2M0YzAiOnsiY3JlYXRlIjoxODAwMDAwMDAwMDAwLCJkZWxldGUiOjE4MDAwMDAwMDAwMDAsInJlYWQiOjMwMDAwMDAwMDAwMCwidXBkYXRlIjoxODAwMDAwMDAwMDAwfX0=",
          "dependencies": [
            "azurerm_public_ip.learn-public-ip",
            "azurerm_resource_group.learn-azure",
            "azurerm_subnet.learn-subnet",
            "azurerm_virtual_network.vnet"
          ]
        }
      ]
    },
    {
      "mode": "managed",
      "type": "azurerm_network_security_group",
      "name": "learn-sg",
      "provider": "provider[\"registry.terraform.io/hashicorp/azurerm\"]",
      "instances": [
        {
          "schema_version": 0,
          "attributes": {
            "id": "/subscriptions/f5b30e46-7d58-4a5a-8532-f7fedeb3af7e/resourceGroups/learn-azure/providers/Microsoft.Network/networkSecurityGroups/learn-sg",
            "location": "southafricanorth",
            "name": "learn-sg",
            "resource_group_name": "learn-azure",
            "security_rule": [
              {
                "access": "Allow",
                "description": "",
                "destination_address_prefix": "*",
                "destination_address_prefixes": [],
                "destination_application_security_group_ids": [],
                "destination_port_range": "*",
                "destination_port_ranges": [],
                "direction": "Inbound",
                "name": "learn-azure-dev-rule",
                "priority": 100,
                "protocol": "Tcp",
                "source_address_prefix": "*",
                "source_address_prefixes": [],
                "source_application_security_group_ids": [],
                "source_port_range": "*",
                "source_port_ranges": []
              }
            ],
            "tags": {
              "environment": "dev"
            },
            "timeouts": null
          },
          "sensitive_attributes": [],
          "private": "eyJlMmJmYjczMC1lY2FhLTExZTYtOGY4OC0zNDM2M2JjN2M0YzAiOnsiY3JlYXRlIjoxODAwMDAwMDAwMDAwLCJkZWxldGUiOjE4MDAwMDAwMDAwMDAsInJlYWQiOjMwMDAwMDAwMDAwMCwidXBkYXRlIjoxODAwMDAwMDAwMDAwfX0=",
          "dependencies": [
            "azurerm_resource_group.learn-azure"
          ]
        }
      ]
    },
    {
      "mode": "managed",
      "type": "azurerm_network_security_rule",
      "name": "learn-azure-dev-rule",
      "provider": "provider[\"registry.terraform.io/hashicorp/azurerm\"]",
      "instances": [
        {
          "schema_version": 0,
          "attributes": {
            "access": "Allow",
            "description": "",
            "destination_address_prefix": "*",
            "destination_address_prefixes": [],
            "destination_application_security_group_ids": [],
            "destination_port_range": "*",
            "destination_port_ranges": [],
            "direction": "Inbound",
            "id": "/subscriptions/f5b30e46-7d58-4a5a-8532-f7fedeb3af7e/resourceGroups/learn-azure/providers/Microsoft.Network/networkSecurityGroups/learn-sg/securityRules/learn-azure-dev-rule",
            "name": "learn-azure-dev-rule",
            "network_security_group_name": "learn-sg",
            "priority": 100,
            "protocol": "Tcp",
            "resource_group_name": "learn-azure",
            "source_address_prefix": "*",
            "source_address_prefixes": [],
            "source_application_security_group_ids": [],
            "source_port_range": "*",
            "source_port_ranges": [],
            "timeouts": null
          },
          "sensitive_attributes": [],
          "private": "eyJlMmJmYjczMC1lY2FhLTExZTYtOGY4OC0zNDM2M2JjN2M0YzAiOnsiY3JlYXRlIjoxODAwMDAwMDAwMDAwLCJkZWxldGUiOjE4MDAwMDAwMDAwMDAsInJlYWQiOjMwMDAwMDAwMDAwMCwidXBkYXRlIjoxODAwMDAwMDAwMDAwfX0=",
          "dependencies": [
            "azurerm_network_security_group.learn-sg",
            "azurerm_resource_group.learn-azure"
          ]
        }
      ]
    },
    {
      "mode": "managed",
      "type": "azurerm_public_ip",
      "name": "learn-public-ip",
      "provider": "provider[\"registry.terraform.io/hashicorp/azurerm\"]",
      "instances": [
        {
          "schema_version": 0,
          "attributes": {
            "allocation_method": "Dynamic",
            "ddos_protection_mode": "VirtualNetworkInherited",
            "ddos_protection_plan_id": null,
            "domain_name_label": null,
            "edge_zone": "",
            "fqdn": null,
            "id": "/subscriptions/f5b30e46-7d58-4a5a-8532-f7fedeb3af7e/resourceGroups/learn-azure/providers/Microsoft.Network/publicIPAddresses/learn-public-ip",
            "idle_timeout_in_minutes": 4,
            "ip_address": "4.221.137.160",
            "ip_tags": {},
            "ip_version": "IPv4",
            "location": "southafricanorth",
            "name": "learn-public-ip",
            "public_ip_prefix_id": null,
            "resource_group_name": "learn-azure",
            "reverse_fqdn": null,
            "sku": "Basic",
            "sku_tier": "Regional",
            "tags": {
              "environment": "dev"
            },
            "timeouts": null,
            "zones": []
          },
          "sensitive_attributes": [],
          "private": "eyJlMmJmYjczMC1lY2FhLTExZTYtOGY4OC0zNDM2M2JjN2M0YzAiOnsiY3JlYXRlIjoxODAwMDAwMDAwMDAwLCJkZWxldGUiOjE4MDAwMDAwMDAwMDAsInJlYWQiOjMwMDAwMDAwMDAwMCwidXBkYXRlIjoxODAwMDAwMDAwMDAwfX0=",
          "dependencies": [
            "azurerm_resource_group.learn-azure"
          ]
        }
      ]
    },
    {
      "mode": "managed",
      "type": "azurerm_resource_group",
      "name": "learn-azure",
      "provider": "provider[\"registry.terraform.io/hashicorp/azurerm\"]",
      "instances": [
        {
          "schema_version": 0,
          "attributes": {
            "id": "/subscriptions/f5b30e46-7d58-4a5a-8532-f7fedeb3af7e/resourceGroups/learn-azure",
            "location": "southafricanorth",
            "managed_by": "",
            "name": "learn-azure",
            "tags": {
              "environment": "dev"
            },
            "timeouts": null
          },
          "sensitive_attributes": [],
          "private": "eyJlMmJmYjczMC1lY2FhLTExZTYtOGY4OC0zNDM2M2JjN2M0YzAiOnsiY3JlYXRlIjo1NDAwMDAwMDAwMDAwLCJkZWxldGUiOjU0MDAwMDAwMDAwMDAsInJlYWQiOjMwMDAwMDAwMDAwMCwidXBkYXRlIjo1NDAwMDAwMDAwMDAwfX0="
        }
      ]
    },
    {
      "mode": "managed",
      "type": "azurerm_subnet",
      "name": "learn-subnet",
      "provider": "provider[\"registry.terraform.io/hashicorp/azurerm\"]",
      "instances": [
        {
          "schema_version": 0,
          "attributes": {
            "address_prefixes": [
              "10.123.1.0/24"
            ],
            "default_outbound_access_enabled": true,
            "delegation": [],
            "enforce_private_link_endpoint_network_policies": false,
            "enforce_private_link_service_network_policies": false,
            "id": "/subscriptions/f5b30e46-7d58-4a5a-8532-f7fedeb3af7e/resourceGroups/learn-azure/providers/Microsoft.Network/virtualNetworks/learn-vnet/subnets/learn-subnet",
            "name": "learn-subnet",
            "private_endpoint_network_policies": "Enabled",
            "private_endpoint_network_policies_enabled": true,
            "private_link_service_network_policies_enabled": true,
            "resource_group_name": "learn-azure",
            "service_endpoint_policy_ids": [],
            "service_endpoints": [],
            "timeouts": null,
            "virtual_network_name": "learn-vnet"
          },
          "sensitive_attributes": [],
          "private": "eyJlMmJmYjczMC1lY2FhLTExZTYtOGY4OC0zNDM2M2JjN2M0YzAiOnsiY3JlYXRlIjoxODAwMDAwMDAwMDAwLCJkZWxldGUiOjE4MDAwMDAwMDAwMDAsInJlYWQiOjMwMDAwMDAwMDAwMCwidXBkYXRlIjoxODAwMDAwMDAwMDAwfX0=",
          "dependencies": [
            "azurerm_resource_group.learn-azure",
            "azurerm_virtual_network.vnet"
          ]
        }
      ]
    },
    {
      "mode": "managed",
      "type": "azurerm_subnet_network_security_group_association",
      "name": "learn-azure-sga",
      "provider": "provider[\"registry.terraform.io/hashicorp/azurerm\"]",
      "instances": [
        {
          "schema_version": 0,
          "attributes": {
            "id": "/subscriptions/f5b30e46-7d58-4a5a-8532-f7fedeb3af7e/resourceGroups/learn-azure/providers/Microsoft.Network/virtualNetworks/learn-vnet/subnets/learn-subnet",
            "network_security_group_id": "/subscriptions/f5b30e46-7d58-4a5a-8532-f7fedeb3af7e/resourceGroups/learn-azure/providers/Microsoft.Network/networkSecurityGroups/learn-sg",
            "subnet_id": "/subscriptions/f5b30e46-7d58-4a5a-8532-f7fedeb3af7e/resourceGroups/learn-azure/providers/Microsoft.Network/virtualNetworks/learn-vnet/subnets/learn-subnet",
            "timeouts": null
          },
          "sensitive_attributes": [],
          "private": "eyJlMmJmYjczMC1lY2FhLTExZTYtOGY4OC0zNDM2M2JjN2M0YzAiOnsiY3JlYXRlIjoxODAwMDAwMDAwMDAwLCJkZWxldGUiOjE4MDAwMDAwMDAwMDAsInJlYWQiOjMwMDAwMDAwMDAwMH19",
          "dependencies": [
            "azurerm_network_security_group.learn-sg",
            "azurerm_resource_group.learn-azure",
            "azurerm_subnet.learn-subnet",
            "azurerm_virtual_network.vnet"
          ]
        }
      ]
    },
    {
      "mode": "managed",
      "type": "azurerm_virtual_network",
      "name": "vnet",
      "provider": "provider[\"registry.terraform.io/hashicorp/azurerm\"]",
      "instances": [
        {
          "schema_version": 0,
          "attributes": {
            "address_space": [
              "10.123.0.0/16"
            ],
            "bgp_community": "",
            "ddos_protection_plan": [],
            "dns_servers": [],
            "edge_zone": "",
            "encryption": [],
            "flow_timeout_in_minutes": 0,
            "guid": "333d766d-f206-4d44-bb43-cb69e40c121b",
            "id": "/subscriptions/f5b30e46-7d58-4a5a-8532-f7fedeb3af7e/resourceGroups/learn-azure/providers/Microsoft.Network/virtualNetworks/learn-vnet",
            "location": "southafricanorth",
            "name": "learn-vnet",
            "resource_group_name": "learn-azure",
            "subnet": [
              {
                "address_prefix": "10.123.1.0/24",
                "id": "/subscriptions/f5b30e46-7d58-4a5a-8532-f7fedeb3af7e/resourceGroups/learn-azure/providers/Microsoft.Network/virtualNetworks/learn-vnet/subnets/learn-subnet",
                "name": "learn-subnet",
                "security_group": "/subscriptions/f5b30e46-7d58-4a5a-8532-f7fedeb3af7e/resourceGroups/learn-azure/providers/Microsoft.Network/networkSecurityGroups/learn-sg"
              }
            ],
            "tags": {
              "environment": "dev"
            },
            "timeouts": null
          },
          "sensitive_attributes": [],
          "private": "eyJlMmJmYjczMC1lY2FhLTExZTYtOGY4OC0zNDM2M2JjN2M0YzAiOnsiY3JlYXRlIjoxODAwMDAwMDAwMDAwLCJkZWxldGUiOjE4MDAwMDAwMDAwMDAsInJlYWQiOjMwMDAwMDAwMDAwMCwidXBkYXRlIjoxODAwMDAwMDAwMDAwfX0=",
          "dependencies": [
            "azurerm_resource_group.learn-azure"
          ]
        }
      ]
    }
  ],
  "check_results": null
}
